
Microsoft Visual Studio Solution File, Format Version 12.00
# Visual Studio 15
VisualStudioVersion = 15.0.28307.168
MinimumVisualStudioVersion = 10.0.40219.1
Project("{8BC9CEB8-8B4A-11D0-8D11-00A0C91BC942}") = "35. Search Insert Position", "35. Search Insert Position\35. Search Insert Position.vcxproj", "{5562BAB8-2F54-4824-8D64-6CFE654CA6D3}"
EndProject
Global
	GlobalSection(SolutionConfigurationPlatforms) = preSolution
		Debug|x64 = Debug|x64
		Debug|x86 = Debug|x86
		Release|x64 = Release|x64
		Release|x86 = Release|x86
	EndGlobalSection
	GlobalSection(ProjectConfigurationPlatforms) = postSolution
		{5562BAB8-2F54-4824-8D64-6CFE654CA6D3}.Debug|x64.ActiveCfg = Debug|x64
		{5562BAB8-2F54-4824-8D64-6CFE654CA6D3}.Debug|x64.Build.0 = Debug|x64
		{5562BAB8-2F54-4824-8D64-6CFE654CA6D3}.Debug|x86.ActiveCfg = Debug|Win32
		{5562BAB8-2F54-4824-8D64-6CFE654CA6D3}.Debug|x86.Build.0 = Debug|Win32
		{5562BAB8-2F54-4824-8D64-6CFE654CA6D3}.Release|x64.ActiveCfg = Release|x64
		{5562BAB8-2F54-4824-8D64-6CFE654CA6D3}.Release|x64.Build.0 = Release|x64
		{5562BAB8-2F54-4824-8D64-6CFE654CA6D3}.Release|x86.ActiveCfg = Release|Win32
		{5562BAB8-2F54-4824-8D64-6CFE654CA6D3}.Release|x86.Build.0 = Release|Win32
	EndGlobalSection
	GlobalSection(SolutionProperties) = preSolution
		HideSolutionNode = FALSE
	EndGlobalSection
	GlobalSection(ExtensibilityGlobals) = postSolution
		SolutionGuid = {6C10C060-5FCB-4A80-8843-0E9F3CF8DE32}
	EndGlobalSection
EndGlobal
