
Microsoft Visual Studio Solution File, Format Version 12.00
# Visual Studio 15
VisualStudioVersion = 15.0.28307.539
MinimumVisualStudioVersion = 10.0.40219.1
Project("{8BC9CEB8-8B4A-11D0-8D11-00A0C91BC942}") = "106. Construct Binary Tree", "106. Construct Binary Tree\106. Construct Binary Tree.vcxproj", "{7E99CFB8-9B39-41AB-A415-923A9BB9B1A7}"
EndProject
Global
	GlobalSection(SolutionConfigurationPlatforms) = preSolution
		Debug|x64 = Debug|x64
		Debug|x86 = Debug|x86
		Release|x64 = Release|x64
		Release|x86 = Release|x86
	EndGlobalSection
	GlobalSection(ProjectConfigurationPlatforms) = postSolution
		{7E99CFB8-9B39-41AB-A415-923A9BB9B1A7}.Debug|x64.ActiveCfg = Debug|x64
		{7E99CFB8-9B39-41AB-A415-923A9BB9B1A7}.Debug|x64.Build.0 = Debug|x64
		{7E99CFB8-9B39-41AB-A415-923A9BB9B1A7}.Debug|x86.ActiveCfg = Debug|Win32
		{7E99CFB8-9B39-41AB-A415-923A9BB9B1A7}.Debug|x86.Build.0 = Debug|Win32
		{7E99CFB8-9B39-41AB-A415-923A9BB9B1A7}.Release|x64.ActiveCfg = Release|x64
		{7E99CFB8-9B39-41AB-A415-923A9BB9B1A7}.Release|x64.Build.0 = Release|x64
		{7E99CFB8-9B39-41AB-A415-923A9BB9B1A7}.Release|x86.ActiveCfg = Release|Win32
		{7E99CFB8-9B39-41AB-A415-923A9BB9B1A7}.Release|x86.Build.0 = Release|Win32
	EndGlobalSection
	GlobalSection(SolutionProperties) = preSolution
		HideSolutionNode = FALSE
	EndGlobalSection
	GlobalSection(ExtensibilityGlobals) = postSolution
		SolutionGuid = {F38EEB5B-299A-42A2-8490-A4E2E8B15A28}
	EndGlobalSection
EndGlobal
