
Microsoft Visual Studio Solution File, Format Version 12.00
# Visual Studio Version 16
VisualStudioVersion = 16.0.29123.88
MinimumVisualStudioVersion = 10.0.40219.1
Project("{8BC9CEB8-8B4A-11D0-8D11-00A0C91BC942}") = "227. Basic Calculator II", "227. Basic Calculator II\227. Basic Calculator II.vcxproj", "{F6F33F0A-FCE0-41F2-98F1-8F078F8E9015}"
EndProject
Global
	GlobalSection(SolutionConfigurationPlatforms) = preSolution
		Debug|x64 = Debug|x64
		Debug|x86 = Debug|x86
		Release|x64 = Release|x64
		Release|x86 = Release|x86
	EndGlobalSection
	GlobalSection(ProjectConfigurationPlatforms) = postSolution
		{F6F33F0A-FCE0-41F2-98F1-8F078F8E9015}.Debug|x64.ActiveCfg = Debug|x64
		{F6F33F0A-FCE0-41F2-98F1-8F078F8E9015}.Debug|x64.Build.0 = Debug|x64
		{F6F33F0A-FCE0-41F2-98F1-8F078F8E9015}.Debug|x86.ActiveCfg = Debug|Win32
		{F6F33F0A-FCE0-41F2-98F1-8F078F8E9015}.Debug|x86.Build.0 = Debug|Win32
		{F6F33F0A-FCE0-41F2-98F1-8F078F8E9015}.Release|x64.ActiveCfg = Release|x64
		{F6F33F0A-FCE0-41F2-98F1-8F078F8E9015}.Release|x64.Build.0 = Release|x64
		{F6F33F0A-FCE0-41F2-98F1-8F078F8E9015}.Release|x86.ActiveCfg = Release|Win32
		{F6F33F0A-FCE0-41F2-98F1-8F078F8E9015}.Release|x86.Build.0 = Release|Win32
	EndGlobalSection
	GlobalSection(SolutionProperties) = preSolution
		HideSolutionNode = FALSE
	EndGlobalSection
	GlobalSection(ExtensibilityGlobals) = postSolution
		SolutionGuid = {BE5F3542-1DEE-4EED-8F8F-0AC5FF0424CD}
	EndGlobalSection
EndGlobal
