
Microsoft Visual Studio Solution File, Format Version 12.00
# Visual Studio 15
VisualStudioVersion = 15.0.28010.2003
MinimumVisualStudioVersion = 10.0.40219.1
Project("{8BC9CEB8-8B4A-11D0-8D11-00A0C91BC942}") = "8. String to Integer (atoi)", "8. String to Integer (atoi)\8. String to Integer (atoi).vcxproj", "{9092204A-5698-4EFE-84BA-410B5793538D}"
EndProject
Global
	GlobalSection(SolutionConfigurationPlatforms) = preSolution
		Debug|x64 = Debug|x64
		Debug|x86 = Debug|x86
		Release|x64 = Release|x64
		Release|x86 = Release|x86
	EndGlobalSection
	GlobalSection(ProjectConfigurationPlatforms) = postSolution
		{9092204A-5698-4EFE-84BA-410B5793538D}.Debug|x64.ActiveCfg = Debug|x64
		{9092204A-5698-4EFE-84BA-410B5793538D}.Debug|x64.Build.0 = Debug|x64
		{9092204A-5698-4EFE-84BA-410B5793538D}.Debug|x86.ActiveCfg = Debug|Win32
		{9092204A-5698-4EFE-84BA-410B5793538D}.Debug|x86.Build.0 = Debug|Win32
		{9092204A-5698-4EFE-84BA-410B5793538D}.Release|x64.ActiveCfg = Release|x64
		{9092204A-5698-4EFE-84BA-410B5793538D}.Release|x64.Build.0 = Release|x64
		{9092204A-5698-4EFE-84BA-410B5793538D}.Release|x86.ActiveCfg = Release|Win32
		{9092204A-5698-4EFE-84BA-410B5793538D}.Release|x86.Build.0 = Release|Win32
	EndGlobalSection
	GlobalSection(SolutionProperties) = preSolution
		HideSolutionNode = FALSE
	EndGlobalSection
	GlobalSection(ExtensibilityGlobals) = postSolution
		SolutionGuid = {0C950585-2ECC-492B-B471-BA8A4C5D8BC7}
	EndGlobalSection
EndGlobal
