
Microsoft Visual Studio Solution File, Format Version 12.00
# Visual Studio 15
VisualStudioVersion = 15.0.28307.421
MinimumVisualStudioVersion = 10.0.40219.1
Project("{8BC9CEB8-8B4A-11D0-8D11-00A0C91BC942}") = "059. Spiral Matrix II", "059. Spiral Matrix II\059. Spiral Matrix II.vcxproj", "{88CE9981-669D-4150-AD62-C886CE175FDE}"
EndProject
Global
	GlobalSection(SolutionConfigurationPlatforms) = preSolution
		Debug|x64 = Debug|x64
		Debug|x86 = Debug|x86
		Release|x64 = Release|x64
		Release|x86 = Release|x86
	EndGlobalSection
	GlobalSection(ProjectConfigurationPlatforms) = postSolution
		{88CE9981-669D-4150-AD62-C886CE175FDE}.Debug|x64.ActiveCfg = Debug|x64
		{88CE9981-669D-4150-AD62-C886CE175FDE}.Debug|x64.Build.0 = Debug|x64
		{88CE9981-669D-4150-AD62-C886CE175FDE}.Debug|x86.ActiveCfg = Debug|Win32
		{88CE9981-669D-4150-AD62-C886CE175FDE}.Debug|x86.Build.0 = Debug|Win32
		{88CE9981-669D-4150-AD62-C886CE175FDE}.Release|x64.ActiveCfg = Release|x64
		{88CE9981-669D-4150-AD62-C886CE175FDE}.Release|x64.Build.0 = Release|x64
		{88CE9981-669D-4150-AD62-C886CE175FDE}.Release|x86.ActiveCfg = Release|Win32
		{88CE9981-669D-4150-AD62-C886CE175FDE}.Release|x86.Build.0 = Release|Win32
	EndGlobalSection
	GlobalSection(SolutionProperties) = preSolution
		HideSolutionNode = FALSE
	EndGlobalSection
	GlobalSection(ExtensibilityGlobals) = postSolution
		SolutionGuid = {376E9DBC-4992-4D4C-92DD-F142C93CA5EB}
	EndGlobalSection
EndGlobal
