
Microsoft Visual Studio Solution File, Format Version 12.00
# Visual Studio 15
VisualStudioVersion = 15.0.28307.329
MinimumVisualStudioVersion = 10.0.40219.1
Project("{8BC9CEB8-8B4A-11D0-8D11-00A0C91BC942}") = "048. Rotate Image", "048. Rotate Image\048. Rotate Image.vcxproj", "{6A274BA0-8EA5-4D08-A8CF-C505D368B182}"
EndProject
Global
	GlobalSection(SolutionConfigurationPlatforms) = preSolution
		Debug|x64 = Debug|x64
		Debug|x86 = Debug|x86
		Release|x64 = Release|x64
		Release|x86 = Release|x86
	EndGlobalSection
	GlobalSection(ProjectConfigurationPlatforms) = postSolution
		{6A274BA0-8EA5-4D08-A8CF-C505D368B182}.Debug|x64.ActiveCfg = Debug|x64
		{6A274BA0-8EA5-4D08-A8CF-C505D368B182}.Debug|x64.Build.0 = Debug|x64
		{6A274BA0-8EA5-4D08-A8CF-C505D368B182}.Debug|x86.ActiveCfg = Debug|Win32
		{6A274BA0-8EA5-4D08-A8CF-C505D368B182}.Debug|x86.Build.0 = Debug|Win32
		{6A274BA0-8EA5-4D08-A8CF-C505D368B182}.Release|x64.ActiveCfg = Release|x64
		{6A274BA0-8EA5-4D08-A8CF-C505D368B182}.Release|x64.Build.0 = Release|x64
		{6A274BA0-8EA5-4D08-A8CF-C505D368B182}.Release|x86.ActiveCfg = Release|Win32
		{6A274BA0-8EA5-4D08-A8CF-C505D368B182}.Release|x86.Build.0 = Release|Win32
	EndGlobalSection
	GlobalSection(SolutionProperties) = preSolution
		HideSolutionNode = FALSE
	EndGlobalSection
	GlobalSection(ExtensibilityGlobals) = postSolution
		SolutionGuid = {A9CCD166-E377-4E97-8349-D23721986D52}
	EndGlobalSection
EndGlobal
