
Microsoft Visual Studio Solution File, Format Version 12.00
# Visual Studio 15
VisualStudioVersion = 15.0.28307.489
MinimumVisualStudioVersion = 10.0.40219.1
Project("{8BC9CEB8-8B4A-11D0-8D11-00A0C91BC942}") = "092. Reverse Linked List II", "092. Reverse Linked List II\092. Reverse Linked List II.vcxproj", "{EE89802D-64E4-4CC3-88B2-EAC8EE68A31A}"
EndProject
Global
	GlobalSection(SolutionConfigurationPlatforms) = preSolution
		Debug|x64 = Debug|x64
		Debug|x86 = Debug|x86
		Release|x64 = Release|x64
		Release|x86 = Release|x86
	EndGlobalSection
	GlobalSection(ProjectConfigurationPlatforms) = postSolution
		{EE89802D-64E4-4CC3-88B2-EAC8EE68A31A}.Debug|x64.ActiveCfg = Debug|x64
		{EE89802D-64E4-4CC3-88B2-EAC8EE68A31A}.Debug|x64.Build.0 = Debug|x64
		{EE89802D-64E4-4CC3-88B2-EAC8EE68A31A}.Debug|x86.ActiveCfg = Debug|Win32
		{EE89802D-64E4-4CC3-88B2-EAC8EE68A31A}.Debug|x86.Build.0 = Debug|Win32
		{EE89802D-64E4-4CC3-88B2-EAC8EE68A31A}.Release|x64.ActiveCfg = Release|x64
		{EE89802D-64E4-4CC3-88B2-EAC8EE68A31A}.Release|x64.Build.0 = Release|x64
		{EE89802D-64E4-4CC3-88B2-EAC8EE68A31A}.Release|x86.ActiveCfg = Release|Win32
		{EE89802D-64E4-4CC3-88B2-EAC8EE68A31A}.Release|x86.Build.0 = Release|Win32
	EndGlobalSection
	GlobalSection(SolutionProperties) = preSolution
		HideSolutionNode = FALSE
	EndGlobalSection
	GlobalSection(ExtensibilityGlobals) = postSolution
		SolutionGuid = {48766CE8-DC33-4ECF-A1DE-F7976DD8DA6A}
	EndGlobalSection
EndGlobal
