
Microsoft Visual Studio Solution File, Format Version 12.00
# Visual Studio 15
VisualStudioVersion = 15.0.28307.489
MinimumVisualStudioVersion = 10.0.40219.1
Project("{8BC9CEB8-8B4A-11D0-8D11-00A0C91BC942}") = "082. Remove Duplicates from Sorted List II", "082. Remove Duplicates from Sorted List II\082. Remove Duplicates from Sorted List II.vcxproj", "{5474D731-0D86-4A4B-841E-7F370F5D0AFE}"
EndProject
Global
	GlobalSection(SolutionConfigurationPlatforms) = preSolution
		Debug|x64 = Debug|x64
		Debug|x86 = Debug|x86
		Release|x64 = Release|x64
		Release|x86 = Release|x86
	EndGlobalSection
	GlobalSection(ProjectConfigurationPlatforms) = postSolution
		{5474D731-0D86-4A4B-841E-7F370F5D0AFE}.Debug|x64.ActiveCfg = Debug|x64
		{5474D731-0D86-4A4B-841E-7F370F5D0AFE}.Debug|x64.Build.0 = Debug|x64
		{5474D731-0D86-4A4B-841E-7F370F5D0AFE}.Debug|x86.ActiveCfg = Debug|Win32
		{5474D731-0D86-4A4B-841E-7F370F5D0AFE}.Debug|x86.Build.0 = Debug|Win32
		{5474D731-0D86-4A4B-841E-7F370F5D0AFE}.Release|x64.ActiveCfg = Release|x64
		{5474D731-0D86-4A4B-841E-7F370F5D0AFE}.Release|x64.Build.0 = Release|x64
		{5474D731-0D86-4A4B-841E-7F370F5D0AFE}.Release|x86.ActiveCfg = Release|Win32
		{5474D731-0D86-4A4B-841E-7F370F5D0AFE}.Release|x86.Build.0 = Release|Win32
	EndGlobalSection
	GlobalSection(SolutionProperties) = preSolution
		HideSolutionNode = FALSE
	EndGlobalSection
	GlobalSection(ExtensibilityGlobals) = postSolution
		SolutionGuid = {35B68E71-6A10-4731-B9F5-E28A5AF00884}
	EndGlobalSection
EndGlobal
