
Microsoft Visual Studio Solution File, Format Version 12.00
# Visual Studio 15
VisualStudioVersion = 15.0.28307.271
MinimumVisualStudioVersion = 10.0.40219.1
Project("{8BC9CEB8-8B4A-11D0-8D11-00A0C91BC942}") = "057. Insert Interval", "057. Insert Interval\057. Insert Interval.vcxproj", "{B843BA32-E904-488C-92EA-7844927730EA}"
EndProject
Global
	GlobalSection(SolutionConfigurationPlatforms) = preSolution
		Debug|x64 = Debug|x64
		Debug|x86 = Debug|x86
		Release|x64 = Release|x64
		Release|x86 = Release|x86
	EndGlobalSection
	GlobalSection(ProjectConfigurationPlatforms) = postSolution
		{B843BA32-E904-488C-92EA-7844927730EA}.Debug|x64.ActiveCfg = Debug|x64
		{B843BA32-E904-488C-92EA-7844927730EA}.Debug|x64.Build.0 = Debug|x64
		{B843BA32-E904-488C-92EA-7844927730EA}.Debug|x86.ActiveCfg = Debug|Win32
		{B843BA32-E904-488C-92EA-7844927730EA}.Debug|x86.Build.0 = Debug|Win32
		{B843BA32-E904-488C-92EA-7844927730EA}.Release|x64.ActiveCfg = Release|x64
		{B843BA32-E904-488C-92EA-7844927730EA}.Release|x64.Build.0 = Release|x64
		{B843BA32-E904-488C-92EA-7844927730EA}.Release|x86.ActiveCfg = Release|Win32
		{B843BA32-E904-488C-92EA-7844927730EA}.Release|x86.Build.0 = Release|Win32
	EndGlobalSection
	GlobalSection(SolutionProperties) = preSolution
		HideSolutionNode = FALSE
	EndGlobalSection
	GlobalSection(ExtensibilityGlobals) = postSolution
		SolutionGuid = {DE7778F4-38D7-4698-B0F0-EDFA09BA58AC}
	EndGlobalSection
EndGlobal
