
Microsoft Visual Studio Solution File, Format Version 12.00
# Visual Studio Version 16
VisualStudioVersion = 16.0.28803.202
MinimumVisualStudioVersion = 10.0.40219.1
Project("{8BC9CEB8-8B4A-11D0-8D11-00A0C91BC942}") = "297. Serialize and Deserialize Binary Tree", "297. Serialize and Deserialize Binary Tree\297. Serialize and Deserialize Binary Tree.vcxproj", "{8B2304E6-6593-49B1-8374-71E5CC548F91}"
EndProject
Global
	GlobalSection(SolutionConfigurationPlatforms) = preSolution
		Debug|x64 = Debug|x64
		Debug|x86 = Debug|x86
		Release|x64 = Release|x64
		Release|x86 = Release|x86
	EndGlobalSection
	GlobalSection(ProjectConfigurationPlatforms) = postSolution
		{8B2304E6-6593-49B1-8374-71E5CC548F91}.Debug|x64.ActiveCfg = Debug|x64
		{8B2304E6-6593-49B1-8374-71E5CC548F91}.Debug|x64.Build.0 = Debug|x64
		{8B2304E6-6593-49B1-8374-71E5CC548F91}.Debug|x86.ActiveCfg = Debug|Win32
		{8B2304E6-6593-49B1-8374-71E5CC548F91}.Debug|x86.Build.0 = Debug|Win32
		{8B2304E6-6593-49B1-8374-71E5CC548F91}.Release|x64.ActiveCfg = Release|x64
		{8B2304E6-6593-49B1-8374-71E5CC548F91}.Release|x64.Build.0 = Release|x64
		{8B2304E6-6593-49B1-8374-71E5CC548F91}.Release|x86.ActiveCfg = Release|Win32
		{8B2304E6-6593-49B1-8374-71E5CC548F91}.Release|x86.Build.0 = Release|Win32
	EndGlobalSection
	GlobalSection(SolutionProperties) = preSolution
		HideSolutionNode = FALSE
	EndGlobalSection
	GlobalSection(ExtensibilityGlobals) = postSolution
		SolutionGuid = {C004FB4C-8B5C-4FC3-B625-92E091CD5898}
	EndGlobalSection
EndGlobal
