
Microsoft Visual Studio Solution File, Format Version 12.00
# Visual Studio 15
VisualStudioVersion = 15.0.28307.168
MinimumVisualStudioVersion = 10.0.40219.1
Project("{8BC9CEB8-8B4A-11D0-8D11-00A0C91BC942}") = "037. Sudoku Solver", "037. Sudoku Solver\037. Sudoku Solver.vcxproj", "{EA745CD1-4FD3-4C63-AD09-75DDAEB8607D}"
EndProject
Global
	GlobalSection(SolutionConfigurationPlatforms) = preSolution
		Debug|x64 = Debug|x64
		Debug|x86 = Debug|x86
		Release|x64 = Release|x64
		Release|x86 = Release|x86
	EndGlobalSection
	GlobalSection(ProjectConfigurationPlatforms) = postSolution
		{EA745CD1-4FD3-4C63-AD09-75DDAEB8607D}.Debug|x64.ActiveCfg = Debug|x64
		{EA745CD1-4FD3-4C63-AD09-75DDAEB8607D}.Debug|x64.Build.0 = Debug|x64
		{EA745CD1-4FD3-4C63-AD09-75DDAEB8607D}.Debug|x86.ActiveCfg = Debug|Win32
		{EA745CD1-4FD3-4C63-AD09-75DDAEB8607D}.Debug|x86.Build.0 = Debug|Win32
		{EA745CD1-4FD3-4C63-AD09-75DDAEB8607D}.Release|x64.ActiveCfg = Release|x64
		{EA745CD1-4FD3-4C63-AD09-75DDAEB8607D}.Release|x64.Build.0 = Release|x64
		{EA745CD1-4FD3-4C63-AD09-75DDAEB8607D}.Release|x86.ActiveCfg = Release|Win32
		{EA745CD1-4FD3-4C63-AD09-75DDAEB8607D}.Release|x86.Build.0 = Release|Win32
	EndGlobalSection
	GlobalSection(SolutionProperties) = preSolution
		HideSolutionNode = FALSE
	EndGlobalSection
	GlobalSection(ExtensibilityGlobals) = postSolution
		SolutionGuid = {8E60884C-1299-4CCC-B4AA-38E696E3120A}
	EndGlobalSection
EndGlobal
